
Microsoft Visual Studio Solution File, Format Version 12.00
# Visual Studio Version 17
VisualStudioVersion = 17.7.34031.279
MinimumVisualStudioVersion = 10.0.40219.1
Project("{8BC9CEB8-8B4A-11D0-8D11-00A0C91BC942}") = "laboration_3.3.B", "laboration_3.3.B.vcxproj", "{A648C35A-6269-46B5-B307-DF356B7A5FF2}"
EndProject
Project("{8BC9CEB8-8B4A-11D0-8D11-00A0C91BC942}") = "UnitTest_3.3.B", "..\UnitTest_3.3.B\UnitTest_3.3.B.vcxproj", "{3A687B48-BA16-4749-A905-CC3AB98D2CFC}"
EndProject
Global
	GlobalSection(SolutionConfigurationPlatforms) = preSolution
		Debug|x64 = Debug|x64
		Debug|x86 = Debug|x86
		Release|x64 = Release|x64
		Release|x86 = Release|x86
	EndGlobalSection
	GlobalSection(ProjectConfigurationPlatforms) = postSolution
		{A648C35A-6269-46B5-B307-DF356B7A5FF2}.Debug|x64.ActiveCfg = Debug|x64
		{A648C35A-6269-46B5-B307-DF356B7A5FF2}.Debug|x64.Build.0 = Debug|x64
		{A648C35A-6269-46B5-B307-DF356B7A5FF2}.Debug|x86.ActiveCfg = Debug|Win32
		{A648C35A-6269-46B5-B307-DF356B7A5FF2}.Debug|x86.Build.0 = Debug|Win32
		{A648C35A-6269-46B5-B307-DF356B7A5FF2}.Release|x64.ActiveCfg = Release|x64
		{A648C35A-6269-46B5-B307-DF356B7A5FF2}.Release|x64.Build.0 = Release|x64
		{A648C35A-6269-46B5-B307-DF356B7A5FF2}.Release|x86.ActiveCfg = Release|Win32
		{A648C35A-6269-46B5-B307-DF356B7A5FF2}.Release|x86.Build.0 = Release|Win32
		{3A687B48-BA16-4749-A905-CC3AB98D2CFC}.Debug|x64.ActiveCfg = Debug|x64
		{3A687B48-BA16-4749-A905-CC3AB98D2CFC}.Debug|x64.Build.0 = Debug|x64
		{3A687B48-BA16-4749-A905-CC3AB98D2CFC}.Debug|x86.ActiveCfg = Debug|Win32
		{3A687B48-BA16-4749-A905-CC3AB98D2CFC}.Debug|x86.Build.0 = Debug|Win32
		{3A687B48-BA16-4749-A905-CC3AB98D2CFC}.Release|x64.ActiveCfg = Release|x64
		{3A687B48-BA16-4749-A905-CC3AB98D2CFC}.Release|x64.Build.0 = Release|x64
		{3A687B48-BA16-4749-A905-CC3AB98D2CFC}.Release|x86.ActiveCfg = Release|Win32
		{3A687B48-BA16-4749-A905-CC3AB98D2CFC}.Release|x86.Build.0 = Release|Win32
	EndGlobalSection
	GlobalSection(SolutionProperties) = preSolution
		HideSolutionNode = FALSE
	EndGlobalSection
	GlobalSection(ExtensibilityGlobals) = postSolution
		SolutionGuid = {E831E7ED-EF1E-44F7-A809-BD6691849430}
	EndGlobalSection
EndGlobal
